
Microsoft Visual Studio Solution File, Format Version 12.00
# Visual Studio Version 17
VisualStudioVersion = 17.7.34024.191
MinimumVisualStudioVersion = 10.0.40219.1
Project("{2150E333-8FDC-42A3-9474-1A3956D46DE8}") = "Solution Items", "Solution Items", "{A8911CF5-38A8-4F76-AA0F-3462E95C913B}"
	ProjectSection(SolutionItems) = preProject
		README.md = README.md
	EndProjectSection
EndProject
Project("{9A19103F-16F7-4668-BE54-9A1E7A4F7556}") = "Laboratory Works #1 - KDM SET", "Laboratory Works #1 - KDM SET\Laboratory Works #1 - KDM SET.csproj", "{7277AAC0-CF03-4CCC-B1A0-CF19CC779C2E}"
EndProject
Project("{9A19103F-16F7-4668-BE54-9A1E7A4F7556}") = "Laboratory Works #2 - KDM Cartesian Products and Relations", "Laboratory Works #2 - Cartesian Products and Relations\Laboratory Works #2 - KDM Cartesian Products and Relations.csproj", "{35252EE1-539D-40E4-B1DC-51EF0AE8D5FC}"
EndProject
Project("{9A19103F-16F7-4668-BE54-9A1E7A4F7556}") = "Laboratory Works #3 - KDM Advanced Propositional Logic and Computational Logic", "Laboratory Works #3 - KDM Advanced Propositional Logic and Computational Logic\Laboratory Works #3 - KDM Advanced Propositional Logic and Computational Logic.csproj", "{A24055ED-E35F-4ABB-8387-582DD35A6C82}"
EndProject
Project("{9A19103F-16F7-4668-BE54-9A1E7A4F7556}") = "Laboratory Works #4 - KDM Functions and Numbers", "Laboratory Works #4 - KDM Functions and Numbers\Laboratory Works #4 - KDM Functions and Numbers.csproj", "{0DBF191C-9D5E-45A0-8FEE-7732F8627A8A}"
EndProject
Project("{9A19103F-16F7-4668-BE54-9A1E7A4F7556}") = "Laboratory Works #6 - KDM RELATIONS", "Laboratory Works #6 - KDM RELATIONS\Laboratory Works #6 - KDM RELATIONS.csproj", "{0ED2FE0B-5A6C-4FBE-8FB3-157ED27A3E3C}"
EndProject
Project("{9A19103F-16F7-4668-BE54-9A1E7A4F7556}") = "Laboratory Works #5 - KDM SKIP FUNCTIONS", "Laboratory Works #5 - KDM SKIP FUNCTIONS\Laboratory Works #5 - KDM SKIP FUNCTIONS.csproj", "{C55E2E1E-3959-4014-A817-4A28CAA1AF5D}"
EndProject
Project("{9A19103F-16F7-4668-BE54-9A1E7A4F7556}") = "Laboratory Works #7 - Matrix Calculations", "Laboratory Works #7 - Matrix Calculations\Laboratory Works #7 - Matrix Calculations.csproj", "{C04CC7C8-7AAE-43D5-9E56-3C83C6750FE4}"
EndProject
Project("{FAE04EC0-301F-11D3-BF4B-00C04F79EFBC}") = "Password Generator", "Password Generator\Password Generator.csproj", "{FB0189B0-AF1E-4A00-A1B2-B6EF2DF56559}"
EndProject
Global
	GlobalSection(SolutionConfigurationPlatforms) = preSolution
		Debug|Any CPU = Debug|Any CPU
		Release|Any CPU = Release|Any CPU
	EndGlobalSection
	GlobalSection(ProjectConfigurationPlatforms) = postSolution
		{7277AAC0-CF03-4CCC-B1A0-CF19CC779C2E}.Debug|Any CPU.ActiveCfg = Debug|Any CPU
		{7277AAC0-CF03-4CCC-B1A0-CF19CC779C2E}.Debug|Any CPU.Build.0 = Debug|Any CPU
		{7277AAC0-CF03-4CCC-B1A0-CF19CC779C2E}.Release|Any CPU.ActiveCfg = Release|Any CPU
		{7277AAC0-CF03-4CCC-B1A0-CF19CC779C2E}.Release|Any CPU.Build.0 = Release|Any CPU
		{35252EE1-539D-40E4-B1DC-51EF0AE8D5FC}.Debug|Any CPU.ActiveCfg = Debug|Any CPU
		{35252EE1-539D-40E4-B1DC-51EF0AE8D5FC}.Debug|Any CPU.Build.0 = Debug|Any CPU
		{35252EE1-539D-40E4-B1DC-51EF0AE8D5FC}.Release|Any CPU.ActiveCfg = Release|Any CPU
		{35252EE1-539D-40E4-B1DC-51EF0AE8D5FC}.Release|Any CPU.Build.0 = Release|Any CPU
		{A24055ED-E35F-4ABB-8387-582DD35A6C82}.Debug|Any CPU.ActiveCfg = Debug|Any CPU
		{A24055ED-E35F-4ABB-8387-582DD35A6C82}.Debug|Any CPU.Build.0 = Debug|Any CPU
		{A24055ED-E35F-4ABB-8387-582DD35A6C82}.Release|Any CPU.ActiveCfg = Release|Any CPU
		{A24055ED-E35F-4ABB-8387-582DD35A6C82}.Release|Any CPU.Build.0 = Release|Any CPU
		{0DBF191C-9D5E-45A0-8FEE-7732F8627A8A}.Debug|Any CPU.ActiveCfg = Debug|Any CPU
		{0DBF191C-9D5E-45A0-8FEE-7732F8627A8A}.Debug|Any CPU.Build.0 = Debug|Any CPU
		{0DBF191C-9D5E-45A0-8FEE-7732F8627A8A}.Release|Any CPU.ActiveCfg = Release|Any CPU
		{0DBF191C-9D5E-45A0-8FEE-7732F8627A8A}.Release|Any CPU.Build.0 = Release|Any CPU
		{0ED2FE0B-5A6C-4FBE-8FB3-157ED27A3E3C}.Debug|Any CPU.ActiveCfg = Debug|Any CPU
		{0ED2FE0B-5A6C-4FBE-8FB3-157ED27A3E3C}.Debug|Any CPU.Build.0 = Debug|Any CPU
		{0ED2FE0B-5A6C-4FBE-8FB3-157ED27A3E3C}.Release|Any CPU.ActiveCfg = Release|Any CPU
		{0ED2FE0B-5A6C-4FBE-8FB3-157ED27A3E3C}.Release|Any CPU.Build.0 = Release|Any CPU
		{C55E2E1E-3959-4014-A817-4A28CAA1AF5D}.Debug|Any CPU.ActiveCfg = Debug|Any CPU
		{C55E2E1E-3959-4014-A817-4A28CAA1AF5D}.Debug|Any CPU.Build.0 = Debug|Any CPU
		{C55E2E1E-3959-4014-A817-4A28CAA1AF5D}.Release|Any CPU.ActiveCfg = Release|Any CPU
		{C55E2E1E-3959-4014-A817-4A28CAA1AF5D}.Release|Any CPU.Build.0 = Release|Any CPU
		{C04CC7C8-7AAE-43D5-9E56-3C83C6750FE4}.Debug|Any CPU.ActiveCfg = Debug|Any CPU
		{C04CC7C8-7AAE-43D5-9E56-3C83C6750FE4}.Debug|Any CPU.Build.0 = Debug|Any CPU
		{C04CC7C8-7AAE-43D5-9E56-3C83C6750FE4}.Release|Any CPU.ActiveCfg = Release|Any CPU
		{C04CC7C8-7AAE-43D5-9E56-3C83C6750FE4}.Release|Any CPU.Build.0 = Release|Any CPU
		{FB0189B0-AF1E-4A00-A1B2-B6EF2DF56559}.Debug|Any CPU.ActiveCfg = Debug|Any CPU
		{FB0189B0-AF1E-4A00-A1B2-B6EF2DF56559}.Debug|Any CPU.Build.0 = Debug|Any CPU
		{FB0189B0-AF1E-4A00-A1B2-B6EF2DF56559}.Release|Any CPU.ActiveCfg = Release|Any CPU
		{FB0189B0-AF1E-4A00-A1B2-B6EF2DF56559}.Release|Any CPU.Build.0 = Release|Any CPU
	EndGlobalSection
	GlobalSection(SolutionProperties) = preSolution
		HideSolutionNode = FALSE
	EndGlobalSection
	GlobalSection(ExtensibilityGlobals) = postSolution
		SolutionGuid = {8AC53AD9-3B9A-4B64-B847-1857AA942651}
	EndGlobalSection
EndGlobal
