
Microsoft Visual Studio Solution File, Format Version 12.00
# Visual Studio Version 17
VisualStudioVersion = 17.7.34024.191
MinimumVisualStudioVersion = 10.0.40219.1
Project("{FAE04EC0-301F-11D3-BF4B-00C04F79EFBC}") = "Laboratory Works #1", "Laboratory Works #1\Laboratory Works #1.csproj", "{06EC117D-0AD6-46CC-82A6-91BA6660C29B}"
EndProject
Global
	GlobalSection(SolutionConfigurationPlatforms) = preSolution
		Debug|Any CPU = Debug|Any CPU
		Release|Any CPU = Release|Any CPU
	EndGlobalSection
	GlobalSection(ProjectConfigurationPlatforms) = postSolution
		{06EC117D-0AD6-46CC-82A6-91BA6660C29B}.Debug|Any CPU.ActiveCfg = Debug|Any CPU
		{06EC117D-0AD6-46CC-82A6-91BA6660C29B}.Debug|Any CPU.Build.0 = Debug|Any CPU
		{06EC117D-0AD6-46CC-82A6-91BA6660C29B}.Release|Any CPU.ActiveCfg = Release|Any CPU
		{06EC117D-0AD6-46CC-82A6-91BA6660C29B}.Release|Any CPU.Build.0 = Release|Any CPU
	EndGlobalSection
	GlobalSection(SolutionProperties) = preSolution
		HideSolutionNode = FALSE
	EndGlobalSection
	GlobalSection(ExtensibilityGlobals) = postSolution
		SolutionGuid = {8AC53AD9-3B9A-4B64-B847-1857AA942651}
	EndGlobalSection
EndGlobal
